{
  "sha": "e58ffb9719607d2a4ebfc05b68f3c4092c15df61",
  "sources": {
    "apt": {
      "locked_version": "2.2.1"
    },
    "runit": {
      "locked_version": "1.3.0"
    },
    "databox": {
      "locked_version": "0.1.1"
    },
    "rackbox": {
      "locked_version": "0.1.2"
    },
    "nodejs": {
      "locked_version": "1.3.0"
    },
    "build-essential": {
      "locked_version": "1.4.2"
    },
    "yum": {
      "locked_version": "2.3.4"
    },
    "database": {
      "locked_version": "1.5.2"
    },
    "mysql": {
      "locked_version": "3.0.12"
    },
    "openssl": {
      "locked_version": "1.1.0"
    },
    "postgresql": {
      "locked_version": "3.1.0"
    },
    "aws": {
      "locked_version": "0.101.6"
    },
    "xfs": {
      "locked_version": "1.1.0"
    },
    "appbox": {
      "locked_version": "0.1.1"
    },
    "sudo": {
      "locked_version": "2.2.2"
    },
    "user": {
      "locked_version": "0.3.0"
    },
    "curl": {
      "locked_version": "1.1.0"
    },
    "htop": {
      "locked_version": "1.1.0"
    },
    "git": {
      "locked_version": "2.7.0"
    },
    "dmg": {
      "locked_version": "2.0.4"
    },
    "windows": {
      "locked_version": "1.11.0"
    },
    "chef_handler": {
      "locked_version": "1.1.4"
    },
    "tmux": {
      "locked_version": "1.4.0"
    },
    "rbenv": {
      "locked_version": "1.6.5"
    },
    "ohai": {
      "locked_version": "1.1.12"
    },
    "nginx": {
      "locked_version": "2.0.0"
    },
    "bluepill": {
      "locked_version": "2.3.0"
    },
    "rsyslog": {
      "locked_version": "1.9.0"
    },
    "unicorn": {
      "locked_version": "1.3.0"
    }
  }
}
